// !$*UTF8*$!
{
	archiveVersion = 1;
	classes = {
	};
	objectVersion = 48;
	objects = {

/* Begin PBXBuildFile section */
		DBBB20A7204CCE6A004F74A5 /* AppDelegate.m in Sources */ = {isa = PBXBuildFile; fileRef = DBBB20A6204CCE6A004F74A5 /* AppDelegate.m */; };
		DBBB20AA204CCE6A004F74A5 /* ViewController.m in Sources */ = {isa = PBXBuildFile; fileRef = DBBB20A9204CCE6A004F74A5 /* ViewController.m */; };
		DBBB20AD204CCE6A004F74A5 /* Main.storyboard in Resources */ = {isa = PBXBuildFile; fileRef = DBBB20AB204CCE6A004F74A5 /* Main.storyboard */; };
		DBBB20AF204CCE6A004F74A5 /* Assets.xcassets in Resources */ = {isa = PBXBuildFile; fileRef = DBBB20AE204CCE6A004F74A5 /* Assets.xcassets */; };
		DBBB20B2204CCE6A004F74A5 /* LaunchScreen.storyboard in Resources */ = {isa = PBXBuildFile; fileRef = DBBB20B0204CCE6A004F74A5 /* LaunchScreen.storyboard */; };
		DBBB20B5204CCE6A004F74A5 /* main.m in Sources */ = {isa = PBXBuildFile; fileRef = DBBB20B4204CCE6A004F74A5 /* main.m */; };
		DBBB20C9204CD4AD004F74A5 /* Localizble.strings in Resources */ = {isa = PBXBuildFile; fileRef = DBBB20CB204CD4AD004F74A5 /* Localizble.strings */; };
		DBBB20CF204CD594004F74A5 /* POHNavViewController.m in Sources */ = {isa = PBXBuildFile; fileRef = DBBB20CE204CD594004F74A5 /* POHNavViewController.m */; };
		DBBB20D2204CD5A9004F74A5 /* POHMainViewController.m in Sources */ = {isa = PBXBuildFile; fileRef = DBBB20D1204CD5A9004F74A5 /* POHMainViewController.m */; };
		DBBB20D5204CD877004F74A5 /* POHErWeiMaViewController.m in Sources */ = {isa = PBXBuildFile; fileRef = DBBB20D4204CD877004F74A5 /* POHErWeiMaViewController.m */; };
		DBBB20D8204CD9A4004F74A5 /* POHLoginViewController.m in Sources */ = {isa = PBXBuildFile; fileRef = DBBB20D7204CD9A4004F74A5 /* POHLoginViewController.m */; };
		DBBB20DB204CD9B1004F74A5 /* POHForgetPassViewController.m in Sources */ = {isa = PBXBuildFile; fileRef = DBBB20DA204CD9B1004F74A5 /* POHForgetPassViewController.m */; };
		DBBB20DE204CD9C5004F74A5 /* POHSetViewController.m in Sources */ = {isa = PBXBuildFile; fileRef = DBBB20DD204CD9C5004F74A5 /* POHSetViewController.m */; };
		DBBB20ED204CDB15004F74A5 /* POHXiuGaiViewController.m in Sources */ = {isa = PBXBuildFile; fileRef = DBBB20EC204CDB15004F74A5 /* POHXiuGaiViewController.m */; };
		DBBB20F0204CDB33004F74A5 /* POHSetTableViewCell.m in Sources */ = {isa = PBXBuildFile; fileRef = DBBB20EF204CDB33004F74A5 /* POHSetTableViewCell.m */; };
		DBBB20F3204CDDCE004F74A5 /* POHMainTableViewCell.m in Sources */ = {isa = PBXBuildFile; fileRef = DBBB20F2204CDDCE004F74A5 /* POHMainTableViewCell.m */; };
		DBBB20F6204E6634004F74A5 /* POHAPI.m in Sources */ = {isa = PBXBuildFile; fileRef = DBBB20F5204E6634004F74A5 /* POHAPI.m */; };
		DBBB20F9204E66BC004F74A5 /* POHHttpReq.m in Sources */ = {isa = PBXBuildFile; fileRef = DBBB20F8204E66BC004F74A5 /* POHHttpReq.m */; };
		DBC301652050CEB600C333AD /* POHZhuanZhangViewController.m in Sources */ = {isa = PBXBuildFile; fileRef = DBC301642050CEB600C333AD /* POHZhuanZhangViewController.m */; };
		DBC3016B2050E43B00C333AD /* POHChangPayPasswordViewController.m in Sources */ = {isa = PBXBuildFile; fileRef = DBC3016A2050E43B00C333AD /* POHChangPayPasswordViewController.m */; };
		DBEFB23B20524DDD00395D2C /* POHScanViewController.m in Sources */ = {isa = PBXBuildFile; fileRef = DBEFB23A20524DDD00395D2C /* POHScanViewController.m */; };
		F6A59DEDAD43CFC25C2AD72E /* libPods-proofh.a in Frameworks */ = {isa = PBXBuildFile; fileRef = D8115BF290B8F288D50B3762 /* libPods-proofh.a */; };
/* End PBXBuildFile section */

/* Begin PBXFileReference section */
		37605D83C305F880474F388D /* Pods-proofh.release.xcconfig */ = {isa = PBXFileReference; includeInIndex = 1; lastKnownFileType = text.xcconfig; name = "Pods-proofh.release.xcconfig"; path = "Pods/Target Support Files/Pods-proofh/Pods-proofh.release.xcconfig"; sourceTree = "<group>"; };
		D8115BF290B8F288D50B3762 /* libPods-proofh.a */ = {isa = PBXFileReference; explicitFileType = archive.ar; includeInIndex = 0; path = "libPods-proofh.a"; sourceTree = BUILT_PRODUCTS_DIR; };
		DBBB20A2204CCE6A004F74A5 /* proofh.app */ = {isa = PBXFileReference; explicitFileType = wrapper.application; includeInIndex = 0; path = proofh.app; sourceTree = BUILT_PRODUCTS_DIR; };
		DBBB20A5204CCE6A004F74A5 /* AppDelegate.h */ = {isa = PBXFileReference; lastKnownFileType = sourcecode.c.h; path = AppDelegate.h; sourceTree = "<group>"; };
		DBBB20A6204CCE6A004F74A5 /* AppDelegate.m */ = {isa = PBXFileReference; lastKnownFileType = sourcecode.c.objc; path = AppDelegate.m; sourceTree = "<group>"; };
		DBBB20A8204CCE6A004F74A5 /* ViewController.h */ = {isa = PBXFileReference; lastKnownFileType = sourcecode.c.h; path = ViewController.h; sourceTree = "<group>"; };
		DBBB20A9204CCE6A004F74A5 /* ViewController.m */ = {isa = PBXFileReference; lastKnownFileType = sourcecode.c.objc; path = ViewController.m; sourceTree = "<group>"; };
		DBBB20AC204CCE6A004F74A5 /* Base */ = {isa = PBXFileReference; lastKnownFileType = file.storyboard; name = Base; path = Base.lproj/Main.storyboard; sourceTree = "<group>"; };
		DBBB20AE204CCE6A004F74A5 /* Assets.xcassets */ = {isa = PBXFileReference; lastKnownFileType = folder.assetcatalog; path = Assets.xcassets; sourceTree = "<group>"; };
		DBBB20B1204CCE6A004F74A5 /* Base */ = {isa = PBXFileReference; lastKnownFileType = file.storyboard; name = Base; path = Base.lproj/LaunchScreen.storyboard; sourceTree = "<group>"; };
		DBBB20B3204CCE6A004F74A5 /* Info.plist */ = {isa = PBXFileReference; lastKnownFileType = text.plist.xml; path = Info.plist; sourceTree = "<group>"; };
		DBBB20B4204CCE6A004F74A5 /* main.m */ = {isa = PBXFileReference; lastKnownFileType = sourcecode.c.objc; path = main.m; sourceTree = "<group>"; };
		DBBB20C4204CD427004F74A5 /* PrefixHeader.pch */ = {isa = PBXFileReference; fileEncoding = 4; lastKnownFileType = sourcecode.c.h; path = PrefixHeader.pch; sourceTree = "<group>"; };
		DBBB20C5204CD43D004F74A5 /* zh-Hans */ = {isa = PBXFileReference; lastKnownFileType = text.plist.strings; name = "zh-Hans"; path = "zh-Hans.lproj/Main.strings"; sourceTree = "<group>"; };
		DBBB20C6204CD43E004F74A5 /* zh-Hans */ = {isa = PBXFileReference; lastKnownFileType = text.plist.strings; name = "zh-Hans"; path = "zh-Hans.lproj/LaunchScreen.strings"; sourceTree = "<group>"; };
		DBBB20CA204CD4AD004F74A5 /* zh-Hans */ = {isa = PBXFileReference; lastKnownFileType = text.plist.strings; name = "zh-Hans"; path = "zh-Hans.lproj/Localizble.strings"; sourceTree = "<group>"; };
		DBBB20CC204CD4B1004F74A5 /* en */ = {isa = PBXFileReference; lastKnownFileType = text.plist.strings; name = en; path = en.lproj/Localizble.strings; sourceTree = "<group>"; };
		DBBB20CD204CD594004F74A5 /* POHNavViewController.h */ = {isa = PBXFileReference; lastKnownFileType = sourcecode.c.h; path = POHNavViewController.h; sourceTree = "<group>"; };
		DBBB20CE204CD594004F74A5 /* POHNavViewController.m */ = {isa = PBXFileReference; lastKnownFileType = sourcecode.c.objc; path = POHNavViewController.m; sourceTree = "<group>"; };
		DBBB20D0204CD5A9004F74A5 /* POHMainViewController.h */ = {isa = PBXFileReference; lastKnownFileType = sourcecode.c.h; path = POHMainViewController.h; sourceTree = "<group>"; };
		DBBB20D1204CD5A9004F74A5 /* POHMainViewController.m */ = {isa = PBXFileReference; lastKnownFileType = sourcecode.c.objc; path = POHMainViewController.m; sourceTree = "<group>"; };
		DBBB20D3204CD877004F74A5 /* POHErWeiMaViewController.h */ = {isa = PBXFileReference; lastKnownFileType = sourcecode.c.h; path = POHErWeiMaViewController.h; sourceTree = "<group>"; };
		DBBB20D4204CD877004F74A5 /* POHErWeiMaViewController.m */ = {isa = PBXFileReference; lastKnownFileType = sourcecode.c.objc; path = POHErWeiMaViewController.m; sourceTree = "<group>"; };
		DBBB20D6204CD9A4004F74A5 /* POHLoginViewController.h */ = {isa = PBXFileReference; lastKnownFileType = sourcecode.c.h; path = POHLoginViewController.h; sourceTree = "<group>"; };
		DBBB20D7204CD9A4004F74A5 /* POHLoginViewController.m */ = {isa = PBXFileReference; lastKnownFileType = sourcecode.c.objc; path = POHLoginViewController.m; sourceTree = "<group>"; };
		DBBB20D9204CD9B1004F74A5 /* POHForgetPassViewController.h */ = {isa = PBXFileReference; lastKnownFileType = sourcecode.c.h; path = POHForgetPassViewController.h; sourceTree = "<group>"; };
		DBBB20DA204CD9B1004F74A5 /* POHForgetPassViewController.m */ = {isa = PBXFileReference; lastKnownFileType = sourcecode.c.objc; path = POHForgetPassViewController.m; sourceTree = "<group>"; };
		DBBB20DC204CD9C5004F74A5 /* POHSetViewController.h */ = {isa = PBXFileReference; lastKnownFileType = sourcecode.c.h; path = POHSetViewController.h; sourceTree = "<group>"; };
		DBBB20DD204CD9C5004F74A5 /* POHSetViewController.m */ = {isa = PBXFileReference; lastKnownFileType = sourcecode.c.objc; path = POHSetViewController.m; sourceTree = "<group>"; };
		DBBB20EB204CDB15004F74A5 /* POHXiuGaiViewController.h */ = {isa = PBXFileReference; lastKnownFileType = sourcecode.c.h; path = POHXiuGaiViewController.h; sourceTree = "<group>"; };
		DBBB20EC204CDB15004F74A5 /* POHXiuGaiViewController.m */ = {isa = PBXFileReference; lastKnownFileType = sourcecode.c.objc; path = POHXiuGaiViewController.m; sourceTree = "<group>"; };
		DBBB20EE204CDB33004F74A5 /* POHSetTableViewCell.h */ = {isa = PBXFileReference; lastKnownFileType = sourcecode.c.h; path = POHSetTableViewCell.h; sourceTree = "<group>"; };
		DBBB20EF204CDB33004F74A5 /* POHSetTableViewCell.m */ = {isa = PBXFileReference; lastKnownFileType = sourcecode.c.objc; path = POHSetTableViewCell.m; sourceTree = "<group>"; };
		DBBB20F1204CDDCE004F74A5 /* POHMainTableViewCell.h */ = {isa = PBXFileReference; lastKnownFileType = sourcecode.c.h; path = POHMainTableViewCell.h; sourceTree = "<group>"; };
		DBBB20F2204CDDCE004F74A5 /* POHMainTableViewCell.m */ = {isa = PBXFileReference; lastKnownFileType = sourcecode.c.objc; path = POHMainTableViewCell.m; sourceTree = "<group>"; };
		DBBB20F4204E6634004F74A5 /* POHAPI.h */ = {isa = PBXFileReference; lastKnownFileType = sourcecode.c.h; path = POHAPI.h; sourceTree = "<group>"; };
		DBBB20F5204E6634004F74A5 /* POHAPI.m */ = {isa = PBXFileReference; lastKnownFileType = sourcecode.c.objc; path = POHAPI.m; sourceTree = "<group>"; };
		DBBB20F7204E66BC004F74A5 /* POHHttpReq.h */ = {isa = PBXFileReference; lastKnownFileType = sourcecode.c.h; path = POHHttpReq.h; sourceTree = "<group>"; };
		DBBB20F8204E66BC004F74A5 /* POHHttpReq.m */ = {isa = PBXFileReference; lastKnownFileType = sourcecode.c.objc; path = POHHttpReq.m; sourceTree = "<group>"; };
		DBC301632050CEB600C333AD /* POHZhuanZhangViewController.h */ = {isa = PBXFileReference; lastKnownFileType = sourcecode.c.h; path = POHZhuanZhangViewController.h; sourceTree = "<group>"; };
		DBC301642050CEB600C333AD /* POHZhuanZhangViewController.m */ = {isa = PBXFileReference; lastKnownFileType = sourcecode.c.objc; path = POHZhuanZhangViewController.m; sourceTree = "<group>"; };
		DBC301692050E43B00C333AD /* POHChangPayPasswordViewController.h */ = {isa = PBXFileReference; lastKnownFileType = sourcecode.c.h; path = POHChangPayPasswordViewController.h; sourceTree = "<group>"; };
		DBC3016A2050E43B00C333AD /* POHChangPayPasswordViewController.m */ = {isa = PBXFileReference; lastKnownFileType = sourcecode.c.objc; path = POHChangPayPasswordViewController.m; sourceTree = "<group>"; };
		DBEFB23920524DDD00395D2C /* POHScanViewController.h */ = {isa = PBXFileReference; fileEncoding = 4; lastKnownFileType = sourcecode.c.h; path = POHScanViewController.h; sourceTree = "<group>"; };
		DBEFB23A20524DDD00395D2C /* POHScanViewController.m */ = {isa = PBXFileReference; fileEncoding = 4; lastKnownFileType = sourcecode.c.objc; path = POHScanViewController.m; sourceTree = "<group>"; };
		E9EBAD74831398561467DDFB /* Pods-proofh.debug.xcconfig */ = {isa = PBXFileReference; includeInIndex = 1; lastKnownFileType = text.xcconfig; name = "Pods-proofh.debug.xcconfig"; path = "Pods/Target Support Files/Pods-proofh/Pods-proofh.debug.xcconfig"; sourceTree = "<group>"; };
/* End PBXFileReference section */

/* Begin PBXFrameworksBuildPhase section */
		DBBB209F204CCE6A004F74A5 /* Frameworks */ = {
			isa = PBXFrameworksBuildPhase;
			buildActionMask = 2147483647;
			files = (
				F6A59DEDAD43CFC25C2AD72E /* libPods-proofh.a in Frameworks */,
			);
			runOnlyForDeploymentPostprocessing = 0;
		};
/* End PBXFrameworksBuildPhase section */

/* Begin PBXGroup section */
		13A8F66EB63671540DA9A6A6 /* Frameworks */ = {
			isa = PBXGroup;
			children = (
				D8115BF290B8F288D50B3762 /* libPods-proofh.a */,
			);
			name = Frameworks;
			sourceTree = "<group>";
		};
		5BCC4B03E868C905FF7ABCCA /* Pods */ = {
			isa = PBXGroup;
			children = (
				E9EBAD74831398561467DDFB /* Pods-proofh.debug.xcconfig */,
				37605D83C305F880474F388D /* Pods-proofh.release.xcconfig */,
			);
			name = Pods;
			sourceTree = "<group>";
		};
		DBBB2099204CCE6A004F74A5 = {
			isa = PBXGroup;
			children = (
				DBBB20A4204CCE6A004F74A5 /* proofh */,
				DBBB20A3204CCE6A004F74A5 /* Products */,
				5BCC4B03E868C905FF7ABCCA /* Pods */,
				13A8F66EB63671540DA9A6A6 /* Frameworks */,
			);
			sourceTree = "<group>";
		};
		DBBB20A3204CCE6A004F74A5 /* Products */ = {
			isa = PBXGroup;
			children = (
				DBBB20A2204CCE6A004F74A5 /* proofh.app */,
			);
			name = Products;
			sourceTree = "<group>";
		};
		DBBB20A4204CCE6A004F74A5 /* proofh */ = {
			isa = PBXGroup;
			children = (
				DBBB20BB204CCEBB004F74A5 /* Class */,
				DBBB20A5204CCE6A004F74A5 /* AppDelegate.h */,
				DBBB20A6204CCE6A004F74A5 /* AppDelegate.m */,
				DBBB20A8204CCE6A004F74A5 /* ViewController.h */,
				DBBB20A9204CCE6A004F74A5 /* ViewController.m */,
				DBBB20AB204CCE6A004F74A5 /* Main.storyboard */,
				DBBB20AE204CCE6A004F74A5 /* Assets.xcassets */,
				DBBB20B0204CCE6A004F74A5 /* LaunchScreen.storyboard */,
				DBBB20B3204CCE6A004F74A5 /* Info.plist */,
				DBBB20B4204CCE6A004F74A5 /* main.m */,
			);
			path = proofh;
			sourceTree = "<group>";
		};
		DBBB20BB204CCEBB004F74A5 /* Class */ = {
			isa = PBXGroup;
			children = (
				DBBB20BF204CD39E004F74A5 /* Login */,
				DBBB20BE204CCEF0004F74A5 /* Setting */,
				DBBB20BD204CCECE004F74A5 /* Other */,
				DBBB20BC204CCEC8004F74A5 /* Main */,
			);
			path = Class;
			sourceTree = "<group>";
		};
		DBBB20BC204CCEC8004F74A5 /* Main */ = {
			isa = PBXGroup;
			children = (
				DBBB20D0204CD5A9004F74A5 /* POHMainViewController.h */,
				DBBB20D1204CD5A9004F74A5 /* POHMainViewController.m */,
				DBC301632050CEB600C333AD /* POHZhuanZhangViewController.h */,
				DBC301642050CEB600C333AD /* POHZhuanZhangViewController.m */,
				DBEFB23920524DDD00395D2C /* POHScanViewController.h */,
				DBEFB23A20524DDD00395D2C /* POHScanViewController.m */,
				DBBB20F1204CDDCE004F74A5 /* POHMainTableViewCell.h */,
				DBBB20F2204CDDCE004F74A5 /* POHMainTableViewCell.m */,
				DBBB20D3204CD877004F74A5 /* POHErWeiMaViewController.h */,
				DBBB20D4204CD877004F74A5 /* POHErWeiMaViewController.m */,
			);
			path = Main;
			sourceTree = "<group>";
		};
		DBBB20BD204CCECE004F74A5 /* Other */ = {
			isa = PBXGroup;
			children = (
				DBBB20C3204CD3BF004F74A5 /* Other */,
				DBBB20C2204CD3B8004F74A5 /* Source */,
				DBBB20C1204CD3B1004F74A5 /* Net */,
				DBBB20C0204CD3AA004F74A5 /* Common */,
			);
			path = Other;
			sourceTree = "<group>";
		};
		DBBB20BE204CCEF0004F74A5 /* Setting */ = {
			isa = PBXGroup;
			children = (
				DBBB20DC204CD9C5004F74A5 /* POHSetViewController.h */,
				DBBB20DD204CD9C5004F74A5 /* POHSetViewController.m */,
				DBBB20EE204CDB33004F74A5 /* POHSetTableViewCell.h */,
				DBBB20EF204CDB33004F74A5 /* POHSetTableViewCell.m */,
				DBC301692050E43B00C333AD /* POHChangPayPasswordViewController.h */,
				DBC3016A2050E43B00C333AD /* POHChangPayPasswordViewController.m */,
				DBBB20EB204CDB15004F74A5 /* POHXiuGaiViewController.h */,
				DBBB20EC204CDB15004F74A5 /* POHXiuGaiViewController.m */,
			);
			path = Setting;
			sourceTree = "<group>";
		};
		DBBB20BF204CD39E004F74A5 /* Login */ = {
			isa = PBXGroup;
			children = (
				DBBB20D6204CD9A4004F74A5 /* POHLoginViewController.h */,
				DBBB20D7204CD9A4004F74A5 /* POHLoginViewController.m */,
				DBBB20D9204CD9B1004F74A5 /* POHForgetPassViewController.h */,
				DBBB20DA204CD9B1004F74A5 /* POHForgetPassViewController.m */,
			);
			path = Login;
			sourceTree = "<group>";
		};
		DBBB20C0204CD3AA004F74A5 /* Common */ = {
			isa = PBXGroup;
			children = (
			);
			path = Common;
			sourceTree = "<group>";
		};
		DBBB20C1204CD3B1004F74A5 /* Net */ = {
			isa = PBXGroup;
			children = (
				DBBB20F4204E6634004F74A5 /* POHAPI.h */,
				DBBB20F5204E6634004F74A5 /* POHAPI.m */,
				DBBB20F7204E66BC004F74A5 /* POHHttpReq.h */,
				DBBB20F8204E66BC004F74A5 /* POHHttpReq.m */,
			);
			path = Net;
			sourceTree = "<group>";
		};
		DBBB20C2204CD3B8004F74A5 /* Source */ = {
			isa = PBXGroup;
			children = (
				DBBB20CB204CD4AD004F74A5 /* Localizble.strings */,
			);
			path = Source;
			sourceTree = "<group>";
		};
		DBBB20C3204CD3BF004F74A5 /* Other */ = {
			isa = PBXGroup;
			children = (
				DBBB20C4204CD427004F74A5 /* PrefixHeader.pch */,
				DBBB20CD204CD594004F74A5 /* POHNavViewController.h */,
				DBBB20CE204CD594004F74A5 /* POHNavViewController.m */,
			);
			path = Other;
			sourceTree = "<group>";
		};
/* End PBXGroup section */

/* Begin PBXNativeTarget section */
		DBBB20A1204CCE6A004F74A5 /* proofh */ = {
			isa = PBXNativeTarget;
			buildConfigurationList = DBBB20B8204CCE6A004F74A5 /* Build configuration list for PBXNativeTarget "proofh" */;
			buildPhases = (
				EBB5C96111B9149459898AD5 /* [CP] Check Pods Manifest.lock */,
				DBBB209E204CCE6A004F74A5 /* Sources */,
				DBBB209F204CCE6A004F74A5 /* Frameworks */,
				DBBB20A0204CCE6A004F74A5 /* Resources */,
				A10427789C8D69393B00BE27 /* [CP] Embed Pods Frameworks */,
				56182B53A15A51C7BEF01F78 /* [CP] Copy Pods Resources */,
			);
			buildRules = (
			);
			dependencies = (
			);
			name = proofh;
			productName = proofh;
			productReference = DBBB20A2204CCE6A004F74A5 /* proofh.app */;
			productType = "com.apple.product-type.application";
		};
/* End PBXNativeTarget section */

/* Begin PBXProject section */
		DBBB209A204CCE6A004F74A5 /* Project object */ = {
			isa = PBXProject;
			attributes = {
				CLASSPREFIX = POH;
				LastUpgradeCheck = 0920;
				ORGANIZATIONNAME = zyl;
				TargetAttributes = {
					DBBB20A1204CCE6A004F74A5 = {
						CreatedOnToolsVersion = 9.2;
						ProvisioningStyle = Automatic;
					};
				};
			};
			buildConfigurationList = DBBB209D204CCE6A004F74A5 /* Build configuration list for PBXProject "proofh" */;
			compatibilityVersion = "Xcode 8.0";
			developmentRegion = en;
			hasScannedForEncodings = 0;
			knownRegions = (
				en,
				Base,
			);
			mainGroup = DBBB2099204CCE6A004F74A5;
			productRefGroup = DBBB20A3204CCE6A004F74A5 /* Products */;
			projectDirPath = "";
			projectRoot = "";
			targets = (
				DBBB20A1204CCE6A004F74A5 /* proofh */,
			);
		};
/* End PBXProject section */

/* Begin PBXResourcesBuildPhase section */
		DBBB20A0204CCE6A004F74A5 /* Resources */ = {
			isa = PBXResourcesBuildPhase;
			buildActionMask = 2147483647;
			files = (
				DBBB20B2204CCE6A004F74A5 /* LaunchScreen.storyboard in Resources */,
				DBBB20AF204CCE6A004F74A5 /* Assets.xcassets in Resources */,
				DBBB20AD204CCE6A004F74A5 /* Main.storyboard in Resources */,
				DBBB20C9204CD4AD004F74A5 /* Localizble.strings in Resources */,
			);
			runOnlyForDeploymentPostprocessing = 0;
		};
/* End PBXResourcesBuildPhase section */

/* Begin PBXShellScriptBuildPhase section */
		56182B53A15A51C7BEF01F78 /* [CP] Copy Pods Resources */ = {
			isa = PBXShellScriptBuildPhase;
			buildActionMask = 2147483647;
			files = (
			);
			inputPaths = (
				"${SRCROOT}/Pods/Target Support Files/Pods-proofh/Pods-proofh-resources.sh",
				"${PODS_ROOT}/MJRefresh/MJRefresh/MJRefresh.bundle",
				"${PODS_ROOT}/SGQRCode/SGQRCode/SGQRCode.bundle",
			);
			name = "[CP] Copy Pods Resources";
			outputPaths = (
				"${TARGET_BUILD_DIR}/${UNLOCALIZED_RESOURCES_FOLDER_PATH}",
			);
			runOnlyForDeploymentPostprocessing = 0;
			shellPath = /bin/sh;
			shellScript = "\"${SRCROOT}/Pods/Target Support Files/Pods-proofh/Pods-proofh-resources.sh\"\n";
			showEnvVarsInLog = 0;
		};
		A10427789C8D69393B00BE27 /* [CP] Embed Pods Frameworks */ = {
			isa = PBXShellScriptBuildPhase;
			buildActionMask = 2147483647;
			files = (
			);
			inputPaths = (
			);
			name = "[CP] Embed Pods Frameworks";
			outputPaths = (
			);
			runOnlyForDeploymentPostprocessing = 0;
			shellPath = /bin/sh;
			shellScript = "\"${SRCROOT}/Pods/Target Support Files/Pods-proofh/Pods-proofh-frameworks.sh\"\n";
			showEnvVarsInLog = 0;
		};
		EBB5C96111B9149459898AD5 /* [CP] Check Pods Manifest.lock */ = {
			isa = PBXShellScriptBuildPhase;
			buildActionMask = 2147483647;
			files = (
			);
			inputPaths = (
				"${PODS_PODFILE_DIR_PATH}/Podfile.lock",
				"${PODS_ROOT}/Manifest.lock",
			);
			name = "[CP] Check Pods Manifest.lock";
			outputPaths = (
				"$(DERIVED_FILE_DIR)/Pods-proofh-checkManifestLockResult.txt",
			);
			runOnlyForDeploymentPostprocessing = 0;
			shellPath = /bin/sh;
			shellScript = "diff \"${PODS_PODFILE_DIR_PATH}/Podfile.lock\" \"${PODS_ROOT}/Manifest.lock\" > /dev/null\nif [ $? != 0 ] ; then\n    # print error to STDERR\n    echo \"error: The sandbox is not in sync with the Podfile.lock. Run 'pod install' or update your CocoaPods installation.\" >&2\n    exit 1\nfi\n# This output is used by Xcode 'outputs' to avoid re-running this script phase.\necho \"SUCCESS\" > \"${SCRIPT_OUTPUT_FILE_0}\"\n";
			showEnvVarsInLog = 0;
		};
/* End PBXShellScriptBuildPhase section */

/* Begin PBXSourcesBuildPhase section */
		DBBB209E204CCE6A004F74A5 /* Sources */ = {
			isa = PBXSourcesBuildPhase;
			buildActionMask = 2147483647;
			files = (
				DBBB20CF204CD594004F74A5 /* POHNavViewController.m in Sources */,
				DBBB20DE204CD9C5004F74A5 /* POHSetViewController.m in Sources */,
				DBEFB23B20524DDD00395D2C /* POHScanViewController.m in Sources */,
				DBBB20F0204CDB33004F74A5 /* POHSetTableViewCell.m in Sources */,
				DBBB20D5204CD877004F74A5 /* POHErWeiMaViewController.m in Sources */,
				DBC3016B2050E43B00C333AD /* POHChangPayPasswordViewController.m in Sources */,
				DBBB20ED204CDB15004F74A5 /* POHXiuGaiViewController.m in Sources */,
				DBBB20F3204CDDCE004F74A5 /* POHMainTableViewCell.m in Sources */,
				DBBB20F6204E6634004F74A5 /* POHAPI.m in Sources */,
				DBBB20D8204CD9A4004F74A5 /* POHLoginViewController.m in Sources */,
				DBBB20AA204CCE6A004F74A5 /* ViewController.m in Sources */,
				DBBB20F9204E66BC004F74A5 /* POHHttpReq.m in Sources */,
				DBBB20DB204CD9B1004F74A5 /* POHForgetPassViewController.m in Sources */,
				DBBB20B5204CCE6A004F74A5 /* main.m in Sources */,
				DBC301652050CEB600C333AD /* POHZhuanZhangViewController.m in Sources */,
				DBBB20A7204CCE6A004F74A5 /* AppDelegate.m in Sources */,
				DBBB20D2204CD5A9004F74A5 /* POHMainViewController.m in Sources */,
			);
			runOnlyForDeploymentPostprocessing = 0;
		};
/* End PBXSourcesBuildPhase section */

/* Begin PBXVariantGroup section */
		DBBB20AB204CCE6A004F74A5 /* Main.storyboard */ = {
			isa = PBXVariantGroup;
			children = (
				DBBB20AC204CCE6A004F74A5 /* Base */,
				DBBB20C5204CD43D004F74A5 /* zh-Hans */,
			);
			name = Main.storyboard;
			sourceTree = "<group>";
		};
		DBBB20B0204CCE6A004F74A5 /* LaunchScreen.storyboard */ = {
			isa = PBXVariantGroup;
			children = (
				DBBB20B1204CCE6A004F74A5 /* Base */,
				DBBB20C6204CD43E004F74A5 /* zh-Hans */,
			);
			name = LaunchScreen.storyboard;
			sourceTree = "<group>";
		};
		DBBB20CB204CD4AD004F74A5 /* Localizble.strings */ = {
			isa = PBXVariantGroup;
			children = (
				DBBB20CA204CD4AD004F74A5 /* zh-Hans */,
				DBBB20CC204CD4B1004F74A5 /* en */,
			);
			name = Localizble.strings;
			sourceTree = "<group>";
		};
/* End PBXVariantGroup section */

/* Begin XCBuildConfiguration section */
		DBBB20B6204CCE6A004F74A5 /* Debug */ = {
			isa = XCBuildConfiguration;
			buildSettings = {
				ALWAYS_SEARCH_USER_PATHS = NO;
				CLANG_ANALYZER_LOCALIZABILITY_NONLOCALIZED = YES;
				CLANG_ANALYZER_NONNULL = YES;
				CLANG_ANALYZER_NUMBER_OBJECT_CONVERSION = YES_AGGRESSIVE;
				CLANG_CXX_LANGUAGE_STANDARD = "gnu++14";
				CLANG_CXX_LIBRARY = "libc++";
				CLANG_ENABLE_MODULES = YES;
				CLANG_ENABLE_OBJC_ARC = YES;
				CLANG_WARN_BLOCK_CAPTURE_AUTORELEASING = YES;
				CLANG_WARN_BOOL_CONVERSION = YES;
				CLANG_WARN_COMMA = YES;
				CLANG_WARN_CONSTANT_CONVERSION = YES;
				CLANG_WARN_DIRECT_OBJC_ISA_USAGE = YES_ERROR;
				CLANG_WARN_DOCUMENTATION_COMMENTS = YES;
				CLANG_WARN_EMPTY_BODY = YES;
				CLANG_WARN_ENUM_CONVERSION = YES;
				CLANG_WARN_INFINITE_RECURSION = YES;
				CLANG_WARN_INT_CONVERSION = YES;
				CLANG_WARN_NON_LITERAL_NULL_CONVERSION = YES;
				CLANG_WARN_OBJC_LITERAL_CONVERSION = YES;
				CLANG_WARN_OBJC_ROOT_CLASS = YES_ERROR;
				CLANG_WARN_RANGE_LOOP_ANALYSIS = YES;
				CLANG_WARN_STRICT_PROTOTYPES = YES;
				CLANG_WARN_SUSPICIOUS_MOVE = YES;
				CLANG_WARN_UNGUARDED_AVAILABILITY = YES_AGGRESSIVE;
				CLANG_WARN_UNREACHABLE_CODE = YES;
				CLANG_WARN__DUPLICATE_METHOD_MATCH = YES;
				CODE_SIGN_IDENTITY = "iPhone Developer";
				COPY_PHASE_STRIP = NO;
				DEBUG_INFORMATION_FORMAT = dwarf;
				ENABLE_STRICT_OBJC_MSGSEND = YES;
				ENABLE_TESTABILITY = YES;
				GCC_C_LANGUAGE_STANDARD = gnu11;
				GCC_DYNAMIC_NO_PIC = NO;
				GCC_NO_COMMON_BLOCKS = YES;
				GCC_OPTIMIZATION_LEVEL = 0;
				GCC_PREPROCESSOR_DEFINITIONS = (
					"DEBUG=1",
					"$(inherited)",
				);
				GCC_WARN_64_TO_32_BIT_CONVERSION = YES;
				GCC_WARN_ABOUT_RETURN_TYPE = YES_ERROR;
				GCC_WARN_UNDECLARED_SELECTOR = YES;
				GCC_WARN_UNINITIALIZED_AUTOS = YES_AGGRESSIVE;
				GCC_WARN_UNUSED_FUNCTION = YES;
				GCC_WARN_UNUSED_VARIABLE = YES;
				IPHONEOS_DEPLOYMENT_TARGET = 11.2;
				MTL_ENABLE_DEBUG_INFO = YES;
				ONLY_ACTIVE_ARCH = YES;
				SDKROOT = iphoneos;
			};
			name = Debug;
		};
		DBBB20B7204CCE6A004F74A5 /* Release */ = {
			isa = XCBuildConfiguration;
			buildSettings = {
				ALWAYS_SEARCH_USER_PATHS = NO;
				CLANG_ANALYZER_LOCALIZABILITY_NONLOCALIZED = YES;
				CLANG_ANALYZER_NONNULL = YES;
				CLANG_ANALYZER_NUMBER_OBJECT_CONVERSION = YES_AGGRESSIVE;
				CLANG_CXX_LANGUAGE_STANDARD = "gnu++14";
				CLANG_CXX_LIBRARY = "libc++";
				CLANG_ENABLE_MODULES = YES;
				CLANG_ENABLE_OBJC_ARC = YES;
				CLANG_WARN_BLOCK_CAPTURE_AUTORELEASING = YES;
				CLANG_WARN_BOOL_CONVERSION = YES;
				CLANG_WARN_COMMA = YES;
				CLANG_WARN_CONSTANT_CONVERSION = YES;
				CLANG_WARN_DIRECT_OBJC_ISA_USAGE = YES_ERROR;
				CLANG_WARN_DOCUMENTATION_COMMENTS = YES;
				CLANG_WARN_EMPTY_BODY = YES;
				CLANG_WARN_ENUM_CONVERSION = YES;
				CLANG_WARN_INFINITE_RECURSION = YES;
				CLANG_WARN_INT_CONVERSION = YES;
				CLANG_WARN_NON_LITERAL_NULL_CONVERSION = YES;
				CLANG_WARN_OBJC_LITERAL_CONVERSION = YES;
				CLANG_WARN_OBJC_ROOT_CLASS = YES_ERROR;
				CLANG_WARN_RANGE_LOOP_ANALYSIS = YES;
				CLANG_WARN_STRICT_PROTOTYPES = YES;
				CLANG_WARN_SUSPICIOUS_MOVE = YES;
				CLANG_WARN_UNGUARDED_AVAILABILITY = YES_AGGRESSIVE;
				CLANG_WARN_UNREACHABLE_CODE = YES;
				CLANG_WARN__DUPLICATE_METHOD_MATCH = YES;
				CODE_SIGN_IDENTITY = "iPhone Developer";
				COPY_PHASE_STRIP = NO;
				DEBUG_INFORMATION_FORMAT = "dwarf-with-dsym";
				ENABLE_NS_ASSERTIONS = NO;
				ENABLE_STRICT_OBJC_MSGSEND = YES;
				GCC_C_LANGUAGE_STANDARD = gnu11;
				GCC_NO_COMMON_BLOCKS = YES;
				GCC_WARN_64_TO_32_BIT_CONVERSION = YES;
				GCC_WARN_ABOUT_RETURN_TYPE = YES_ERROR;
				GCC_WARN_UNDECLARED_SELECTOR = YES;
				GCC_WARN_UNINITIALIZED_AUTOS = YES_AGGRESSIVE;
				GCC_WARN_UNUSED_FUNCTION = YES;
				GCC_WARN_UNUSED_VARIABLE = YES;
				IPHONEOS_DEPLOYMENT_TARGET = 11.2;
				MTL_ENABLE_DEBUG_INFO = NO;
				SDKROOT = iphoneos;
				VALIDATE_PRODUCT = YES;
			};
			name = Release;
		};
		DBBB20B9204CCE6A004F74A5 /* Debug */ = {
			isa = XCBuildConfiguration;
			baseConfigurationReference = E9EBAD74831398561467DDFB /* Pods-proofh.debug.xcconfig */;
			buildSettings = {
				ASSETCATALOG_COMPILER_APPICON_NAME = AppIcon;
				CODE_SIGN_STYLE = Automatic;
				DEVELOPMENT_TEAM = 6DU5J57ERJ;
				GCC_PRECOMPILE_PREFIX_HEADER = YES;
				GCC_PREFIX_HEADER = "/Users/zhangyulin/Desktop/FUC项目/proofh/Class/Other/Other/PrefixHeader.pch";
				INFOPLIST_FILE = proofh/Info.plist;
				IPHONEOS_DEPLOYMENT_TARGET = 9.0;
				LD_RUNPATH_SEARCH_PATHS = "$(inherited) @executable_path/Frameworks";
				PRODUCT_BUNDLE_IDENTIFIER = com.hbweipai.proofhzyl;
				PRODUCT_NAME = "$(TARGET_NAME)";
				TARGETED_DEVICE_FAMILY = "1,2";
			};
			name = Debug;
		};
		DBBB20BA204CCE6A004F74A5 /* Release */ = {
			isa = XCBuildConfiguration;
			baseConfigurationReference = 37605D83C305F880474F388D /* Pods-proofh.release.xcconfig */;
			buildSettings = {
				ASSETCATALOG_COMPILER_APPICON_NAME = AppIcon;
				CODE_SIGN_STYLE = Automatic;
				DEVELOPMENT_TEAM = 6DU5J57ERJ;
				GCC_PRECOMPILE_PREFIX_HEADER = YES;
				GCC_PREFIX_HEADER = "/Users/zhangyulin/Desktop/FUC项目/proofh/Class/Other/Other/PrefixHeader.pch";
				INFOPLIST_FILE = proofh/Info.plist;
				IPHONEOS_DEPLOYMENT_TARGET = 9.0;
				LD_RUNPATH_SEARCH_PATHS = "$(inherited) @executable_path/Frameworks";
				PRODUCT_BUNDLE_IDENTIFIER = com.hbweipai.proofhzyl;
				PRODUCT_NAME = "$(TARGET_NAME)";
				TARGETED_DEVICE_FAMILY = "1,2";
			};
			name = Release;
		};
/* End XCBuildConfiguration section */

/* Begin XCConfigurationList section */
		DBBB209D204CCE6A004F74A5 /* Build configuration list for PBXProject "proofh" */ = {
			isa = XCConfigurationList;
			buildConfigurations = (
				DBBB20B6204CCE6A004F74A5 /* Debug */,
				DBBB20B7204CCE6A004F74A5 /* Release */,
			);
			defaultConfigurationIsVisible = 0;
			defaultConfigurationName = Release;
		};
		DBBB20B8204CCE6A004F74A5 /* Build configuration list for PBXNativeTarget "proofh" */ = {
			isa = XCConfigurationList;
			buildConfigurations = (
				DBBB20B9204CCE6A004F74A5 /* Debug */,
				DBBB20BA204CCE6A004F74A5 /* Release */,
			);
			defaultConfigurationIsVisible = 0;
			defaultConfigurationName = Release;
		};
/* End XCConfigurationList section */
	};
	rootObject = DBBB209A204CCE6A004F74A5 /* Project object */;
}
